
Microsoft Visual Studio Solution File, Format Version 11.00
# Visual Studio 2010
Project("{FAE04EC0-301F-11D3-BF4B-00C04F79EFBC}") = "Kinect.MIDIController", "Kinect.MIDIController\Kinect.MIDIController.csproj", "{ABCBFF59-9D5A-4D20-B6B7-1D15F0707ACF}"
EndProject
Project("{FAE04EC0-301F-11D3-BF4B-00C04F79EFBC}") = "MIDIWrapper", "MIDIWrapper\MIDIWrapper.csproj", "{E8C2CEAA-B944-43C0-BF0B-43967361D2B2}"
EndProject
Project("{FAE04EC0-301F-11D3-BF4B-00C04F79EFBC}") = "MIDIWrapperTest", "MIDIWrapperTest\MIDIWrapperTest.csproj", "{5EF35EF1-D15B-4DC6-9F88-4DFB23796273}"
EndProject
Global
	GlobalSection(TeamFoundationVersionControl) = preSolution
		SccNumberOfProjects = 4
		SccEnterpriseProvider = {4CA58AB2-18FA-4F8D-95D4-32DDF27D184C}
		SccTeamFoundationServer = https://tfs.codeplex.com/tfs/tfs24
		SccLocalPath0 = .
		SccProjectUniqueName1 = Kinect.MIDIController\\Kinect.MIDIController.csproj
		SccProjectName1 = Kinect.MIDIController
		SccLocalPath1 = Kinect.MIDIController
		SccProjectUniqueName2 = MIDIWrapper\\MIDIWrapper.csproj
		SccProjectName2 = MIDIWrapper
		SccLocalPath2 = MIDIWrapper
		SccProjectUniqueName3 = MIDIWrapperTest\\MIDIWrapperTest.csproj
		SccProjectName3 = MIDIWrapperTest
		SccLocalPath3 = MIDIWrapperTest
	EndGlobalSection
	GlobalSection(SolutionConfigurationPlatforms) = preSolution
		Debug|Any CPU = Debug|Any CPU
		Debug|Mixed Platforms = Debug|Mixed Platforms
		Debug|x86 = Debug|x86
		Release|Any CPU = Release|Any CPU
		Release|Mixed Platforms = Release|Mixed Platforms
		Release|x86 = Release|x86
	EndGlobalSection
	GlobalSection(ProjectConfigurationPlatforms) = postSolution
		{ABCBFF59-9D5A-4D20-B6B7-1D15F0707ACF}.Debug|Any CPU.ActiveCfg = Debug|x86
		{ABCBFF59-9D5A-4D20-B6B7-1D15F0707ACF}.Debug|Mixed Platforms.ActiveCfg = Debug|x86
		{ABCBFF59-9D5A-4D20-B6B7-1D15F0707ACF}.Debug|Mixed Platforms.Build.0 = Debug|x86
		{ABCBFF59-9D5A-4D20-B6B7-1D15F0707ACF}.Debug|x86.ActiveCfg = Debug|x86
		{ABCBFF59-9D5A-4D20-B6B7-1D15F0707ACF}.Debug|x86.Build.0 = Debug|x86
		{ABCBFF59-9D5A-4D20-B6B7-1D15F0707ACF}.Release|Any CPU.ActiveCfg = Release|x86
		{ABCBFF59-9D5A-4D20-B6B7-1D15F0707ACF}.Release|Mixed Platforms.ActiveCfg = Release|x86
		{ABCBFF59-9D5A-4D20-B6B7-1D15F0707ACF}.Release|Mixed Platforms.Build.0 = Release|x86
		{ABCBFF59-9D5A-4D20-B6B7-1D15F0707ACF}.Release|x86.ActiveCfg = Release|x86
		{ABCBFF59-9D5A-4D20-B6B7-1D15F0707ACF}.Release|x86.Build.0 = Release|x86
		{E8C2CEAA-B944-43C0-BF0B-43967361D2B2}.Debug|Any CPU.ActiveCfg = Debug|Any CPU
		{E8C2CEAA-B944-43C0-BF0B-43967361D2B2}.Debug|Any CPU.Build.0 = Debug|Any CPU
		{E8C2CEAA-B944-43C0-BF0B-43967361D2B2}.Debug|Mixed Platforms.ActiveCfg = Debug|Any CPU
		{E8C2CEAA-B944-43C0-BF0B-43967361D2B2}.Debug|Mixed Platforms.Build.0 = Debug|Any CPU
		{E8C2CEAA-B944-43C0-BF0B-43967361D2B2}.Debug|x86.ActiveCfg = Debug|Any CPU
		{E8C2CEAA-B944-43C0-BF0B-43967361D2B2}.Release|Any CPU.ActiveCfg = Release|Any CPU
		{E8C2CEAA-B944-43C0-BF0B-43967361D2B2}.Release|Any CPU.Build.0 = Release|Any CPU
		{E8C2CEAA-B944-43C0-BF0B-43967361D2B2}.Release|Mixed Platforms.ActiveCfg = Release|Any CPU
		{E8C2CEAA-B944-43C0-BF0B-43967361D2B2}.Release|Mixed Platforms.Build.0 = Release|Any CPU
		{E8C2CEAA-B944-43C0-BF0B-43967361D2B2}.Release|x86.ActiveCfg = Release|Any CPU
		{5EF35EF1-D15B-4DC6-9F88-4DFB23796273}.Debug|Any CPU.ActiveCfg = Debug|x86
		{5EF35EF1-D15B-4DC6-9F88-4DFB23796273}.Debug|Mixed Platforms.ActiveCfg = Debug|x86
		{5EF35EF1-D15B-4DC6-9F88-4DFB23796273}.Debug|Mixed Platforms.Build.0 = Debug|x86
		{5EF35EF1-D15B-4DC6-9F88-4DFB23796273}.Debug|x86.ActiveCfg = Debug|x86
		{5EF35EF1-D15B-4DC6-9F88-4DFB23796273}.Debug|x86.Build.0 = Debug|x86
		{5EF35EF1-D15B-4DC6-9F88-4DFB23796273}.Release|Any CPU.ActiveCfg = Release|x86
		{5EF35EF1-D15B-4DC6-9F88-4DFB23796273}.Release|Mixed Platforms.ActiveCfg = Release|x86
		{5EF35EF1-D15B-4DC6-9F88-4DFB23796273}.Release|Mixed Platforms.Build.0 = Release|x86
		{5EF35EF1-D15B-4DC6-9F88-4DFB23796273}.Release|x86.ActiveCfg = Release|x86
		{5EF35EF1-D15B-4DC6-9F88-4DFB23796273}.Release|x86.Build.0 = Release|x86
	EndGlobalSection
	GlobalSection(SolutionProperties) = preSolution
		HideSolutionNode = FALSE
	EndGlobalSection
EndGlobal
